
Microsoft Visual Studio Solution File, Format Version 12.00
# Visual Studio Version 17
VisualStudioVersion = 17.0.31903.59
MinimumVisualStudioVersion = 10.0.40219.1
Project("{2150E333-8FDC-42A3-9474-1A3956D46DE8}") = "src", "src", "{827E0CD3-B72D-47B6-A68D-7590B98EB39B}"
EndProject
Project("{FAE04EC0-301F-11D3-BF4B-00C04F79EFBC}") = "Roll4d4.Klep", "src\Roll4d4.Klep\Roll4d4.Klep.csproj", "{1D87070C-DB29-44E3-AC6E-8A75D8D81B68}"
EndProject
Project("{2150E333-8FDC-42A3-9474-1A3956D46DE8}") = "tests", "tests", "{0AB3BF05-4346-4AA6-1389-037BE0695223}"
EndProject
Project("{2150E333-8FDC-42A3-9474-1A3956D46DE8}") = "examples", "examples", "{7F303BE8-3913-4968-A8A6-CD29F3F082EB}"
EndProject
Project("{FAE04EC0-301F-11D3-BF4B-00C04F79EFBC}") = "KlepMinimalConsole", "examples\KlepMinimalConsole\KlepMinimalConsole.csproj", "{350D31AD-E02A-4A76-A068-C8AA290DB420}"
EndProject
Project("{FAE04EC0-301F-11D3-BF4B-00C04F79EFBC}") = "KlepAgentSmoke", "tests\KlepAgentSmoke\KlepAgentSmoke.csproj", "{82B7BD9C-8467-4A3C-AA4B-D63A0CA87B15}"
EndProject
Project("{FAE04EC0-301F-11D3-BF4B-00C04F79EFBC}") = "KlepBehaviorSmoke", "tests\KlepBehaviorSmoke\KlepBehaviorSmoke.csproj", "{3C3EA350-DFCB-4420-91C0-73992AC757C9}"
EndProject
Project("{FAE04EC0-301F-11D3-BF4B-00C04F79EFBC}") = "KlepCognitionSmoke", "tests\KlepCognitionSmoke\KlepCognitionSmoke.csproj", "{DE632472-F7B6-47C6-861D-C69FED17E685}"
EndProject
Project("{FAE04EC0-301F-11D3-BF4B-00C04F79EFBC}") = "KlepEmotionSmoke", "tests\KlepEmotionSmoke\KlepEmotionSmoke.csproj", "{3CEE6532-DD1F-4B15-9770-97875B1E520D}"
EndProject
Project("{FAE04EC0-301F-11D3-BF4B-00C04F79EFBC}") = "KlepEthicsSmoke", "tests\KlepEthicsSmoke\KlepEthicsSmoke.csproj", "{AC468713-E4AE-43FF-B6A5-240B91A7E374}"
EndProject
Project("{FAE04EC0-301F-11D3-BF4B-00C04F79EFBC}") = "KlepExecutableSmoke", "tests\KlepExecutableSmoke\KlepExecutableSmoke.csproj", "{22B564AC-534F-48DF-ACB7-A20E586BDAF9}"
EndProject
Project("{FAE04EC0-301F-11D3-BF4B-00C04F79EFBC}") = "KlepKeySmoke", "tests\KlepKeySmoke\KlepKeySmoke.csproj", "{4E31A65E-5939-4F7A-8D8A-093B8E778E95}"
EndProject
Project("{FAE04EC0-301F-11D3-BF4B-00C04F79EFBC}") = "KlepLockSmoke", "tests\KlepLockSmoke\KlepLockSmoke.csproj", "{68A050E6-DC72-464E-96DA-0E13A9D3A48B}"
EndProject
Project("{FAE04EC0-301F-11D3-BF4B-00C04F79EFBC}") = "KlepMemorySmoke", "tests\KlepMemorySmoke\KlepMemorySmoke.csproj", "{3ED5973C-D8F0-4D54-8B1F-6DF5A363BA8C}"
EndProject
Project("{FAE04EC0-301F-11D3-BF4B-00C04F79EFBC}") = "KlepObserverSmoke", "tests\KlepObserverSmoke\KlepObserverSmoke.csproj", "{8E5DB4E0-D4AA-467F-939F-6C5C25CDF376}"
EndProject
Project("{FAE04EC0-301F-11D3-BF4B-00C04F79EFBC}") = "KlepPlayerInputSmoke", "tests\KlepPlayerInputSmoke\KlepPlayerInputSmoke.csproj", "{E7302741-68C2-4826-8218-CB03659DC834}"
EndProject
Project("{FAE04EC0-301F-11D3-BF4B-00C04F79EFBC}") = "KlepZombieGoalSmoke", "tests\KlepZombieGoalSmoke\KlepZombieGoalSmoke.csproj", "{5B2653EC-7EA4-44D9-BA71-D8DA4EBE27D8}"
EndProject
Project("{FAE04EC0-301F-11D3-BF4B-00C04F79EFBC}") = "KlepZombieSmoke", "tests\KlepZombieSmoke\KlepZombieSmoke.csproj", "{15E38674-6A8D-4288-99AC-F6FAC10E5B66}"
EndProject
Project("{FAE04EC0-301F-11D3-BF4B-00C04F79EFBC}") = "KlepDesireSmoke", "tests\KlepDesireSmoke\KlepDesireSmoke.csproj", "{87486041-8DD6-4D87-BE2A-864567B0027A}"
EndProject
Project("{FAE04EC0-301F-11D3-BF4B-00C04F79EFBC}") = "KlepHumanSightingSmoke", "tests\KlepHumanSightingSmoke\KlepHumanSightingSmoke.csproj", "{C8D9A168-9765-4525-9569-11C04F8D36A2}"
EndProject
Project("{FAE04EC0-301F-11D3-BF4B-00C04F79EFBC}") = "KlepIntentionSmoke", "tests\KlepIntentionSmoke\KlepIntentionSmoke.csproj", "{8A542EE0-87A3-4503-99BD-71E0F786FDCD}"
EndProject
Project("{FAE04EC0-301F-11D3-BF4B-00C04F79EFBC}") = "KlepLearnedExpectationsSmoke", "tests\KlepLearnedExpectationsSmoke\KlepLearnedExpectationsSmoke.csproj", "{63E7CD72-E1C2-456F-A5EB-F16B8D237AC5}"
EndProject
Global
	GlobalSection(SolutionConfigurationPlatforms) = preSolution
		Debug|Any CPU = Debug|Any CPU
		Debug|x64 = Debug|x64
		Debug|x86 = Debug|x86
		Release|Any CPU = Release|Any CPU
		Release|x64 = Release|x64
		Release|x86 = Release|x86
	EndGlobalSection
	GlobalSection(ProjectConfigurationPlatforms) = postSolution
		{1D87070C-DB29-44E3-AC6E-8A75D8D81B68}.Debug|Any CPU.ActiveCfg = Debug|Any CPU
		{1D87070C-DB29-44E3-AC6E-8A75D8D81B68}.Debug|Any CPU.Build.0 = Debug|Any CPU
		{1D87070C-DB29-44E3-AC6E-8A75D8D81B68}.Debug|x64.ActiveCfg = Debug|Any CPU
		{1D87070C-DB29-44E3-AC6E-8A75D8D81B68}.Debug|x64.Build.0 = Debug|Any CPU
		{1D87070C-DB29-44E3-AC6E-8A75D8D81B68}.Debug|x86.ActiveCfg = Debug|Any CPU
		{1D87070C-DB29-44E3-AC6E-8A75D8D81B68}.Debug|x86.Build.0 = Debug|Any CPU
		{1D87070C-DB29-44E3-AC6E-8A75D8D81B68}.Release|Any CPU.ActiveCfg = Release|Any CPU
		{1D87070C-DB29-44E3-AC6E-8A75D8D81B68}.Release|Any CPU.Build.0 = Release|Any CPU
		{1D87070C-DB29-44E3-AC6E-8A75D8D81B68}.Release|x64.ActiveCfg = Release|Any CPU
		{1D87070C-DB29-44E3-AC6E-8A75D8D81B68}.Release|x64.Build.0 = Release|Any CPU
		{1D87070C-DB29-44E3-AC6E-8A75D8D81B68}.Release|x86.ActiveCfg = Release|Any CPU
		{1D87070C-DB29-44E3-AC6E-8A75D8D81B68}.Release|x86.Build.0 = Release|Any CPU
		{350D31AD-E02A-4A76-A068-C8AA290DB420}.Debug|Any CPU.ActiveCfg = Debug|Any CPU
		{350D31AD-E02A-4A76-A068-C8AA290DB420}.Debug|Any CPU.Build.0 = Debug|Any CPU
		{350D31AD-E02A-4A76-A068-C8AA290DB420}.Debug|x64.ActiveCfg = Debug|Any CPU
		{350D31AD-E02A-4A76-A068-C8AA290DB420}.Debug|x64.Build.0 = Debug|Any CPU
		{350D31AD-E02A-4A76-A068-C8AA290DB420}.Debug|x86.ActiveCfg = Debug|Any CPU
		{350D31AD-E02A-4A76-A068-C8AA290DB420}.Debug|x86.Build.0 = Debug|Any CPU
		{350D31AD-E02A-4A76-A068-C8AA290DB420}.Release|Any CPU.ActiveCfg = Release|Any CPU
		{350D31AD-E02A-4A76-A068-C8AA290DB420}.Release|Any CPU.Build.0 = Release|Any CPU
		{350D31AD-E02A-4A76-A068-C8AA290DB420}.Release|x64.ActiveCfg = Release|Any CPU
		{350D31AD-E02A-4A76-A068-C8AA290DB420}.Release|x64.Build.0 = Release|Any CPU
		{350D31AD-E02A-4A76-A068-C8AA290DB420}.Release|x86.ActiveCfg = Release|Any CPU
		{350D31AD-E02A-4A76-A068-C8AA290DB420}.Release|x86.Build.0 = Release|Any CPU
		{82B7BD9C-8467-4A3C-AA4B-D63A0CA87B15}.Debug|Any CPU.ActiveCfg = Debug|Any CPU
		{82B7BD9C-8467-4A3C-AA4B-D63A0CA87B15}.Debug|Any CPU.Build.0 = Debug|Any CPU
		{82B7BD9C-8467-4A3C-AA4B-D63A0CA87B15}.Debug|x64.ActiveCfg = Debug|Any CPU
		{82B7BD9C-8467-4A3C-AA4B-D63A0CA87B15}.Debug|x64.Build.0 = Debug|Any CPU
		{82B7BD9C-8467-4A3C-AA4B-D63A0CA87B15}.Debug|x86.ActiveCfg = Debug|Any CPU
		{82B7BD9C-8467-4A3C-AA4B-D63A0CA87B15}.Debug|x86.Build.0 = Debug|Any CPU
		{82B7BD9C-8467-4A3C-AA4B-D63A0CA87B15}.Release|Any CPU.ActiveCfg = Release|Any CPU
		{82B7BD9C-8467-4A3C-AA4B-D63A0CA87B15}.Release|Any CPU.Build.0 = Release|Any CPU
		{82B7BD9C-8467-4A3C-AA4B-D63A0CA87B15}.Release|x64.ActiveCfg = Release|Any CPU
		{82B7BD9C-8467-4A3C-AA4B-D63A0CA87B15}.Release|x64.Build.0 = Release|Any CPU
		{82B7BD9C-8467-4A3C-AA4B-D63A0CA87B15}.Release|x86.ActiveCfg = Release|Any CPU
		{82B7BD9C-8467-4A3C-AA4B-D63A0CA87B15}.Release|x86.Build.0 = Release|Any CPU
		{3C3EA350-DFCB-4420-91C0-73992AC757C9}.Debug|Any CPU.ActiveCfg = Debug|Any CPU
		{3C3EA350-DFCB-4420-91C0-73992AC757C9}.Debug|Any CPU.Build.0 = Debug|Any CPU
		{3C3EA350-DFCB-4420-91C0-73992AC757C9}.Debug|x64.ActiveCfg = Debug|Any CPU
		{3C3EA350-DFCB-4420-91C0-73992AC757C9}.Debug|x64.Build.0 = Debug|Any CPU
		{3C3EA350-DFCB-4420-91C0-73992AC757C9}.Debug|x86.ActiveCfg = Debug|Any CPU
		{3C3EA350-DFCB-4420-91C0-73992AC757C9}.Debug|x86.Build.0 = Debug|Any CPU
		{3C3EA350-DFCB-4420-91C0-73992AC757C9}.Release|Any CPU.ActiveCfg = Release|Any CPU
		{3C3EA350-DFCB-4420-91C0-73992AC757C9}.Release|Any CPU.Build.0 = Release|Any CPU
		{3C3EA350-DFCB-4420-91C0-73992AC757C9}.Release|x64.ActiveCfg = Release|Any CPU
		{3C3EA350-DFCB-4420-91C0-73992AC757C9}.Release|x64.Build.0 = Release|Any CPU
		{3C3EA350-DFCB-4420-91C0-73992AC757C9}.Release|x86.ActiveCfg = Release|Any CPU
		{3C3EA350-DFCB-4420-91C0-73992AC757C9}.Release|x86.Build.0 = Release|Any CPU
		{DE632472-F7B6-47C6-861D-C69FED17E685}.Debug|Any CPU.ActiveCfg = Debug|Any CPU
		{DE632472-F7B6-47C6-861D-C69FED17E685}.Debug|Any CPU.Build.0 = Debug|Any CPU
		{DE632472-F7B6-47C6-861D-C69FED17E685}.Debug|x64.ActiveCfg = Debug|Any CPU
		{DE632472-F7B6-47C6-861D-C69FED17E685}.Debug|x64.Build.0 = Debug|Any CPU
		{DE632472-F7B6-47C6-861D-C69FED17E685}.Debug|x86.ActiveCfg = Debug|Any CPU
		{DE632472-F7B6-47C6-861D-C69FED17E685}.Debug|x86.Build.0 = Debug|Any CPU
		{DE632472-F7B6-47C6-861D-C69FED17E685}.Release|Any CPU.ActiveCfg = Release|Any CPU
		{DE632472-F7B6-47C6-861D-C69FED17E685}.Release|Any CPU.Build.0 = Release|Any CPU
		{DE632472-F7B6-47C6-861D-C69FED17E685}.Release|x64.ActiveCfg = Release|Any CPU
		{DE632472-F7B6-47C6-861D-C69FED17E685}.Release|x64.Build.0 = Release|Any CPU
		{DE632472-F7B6-47C6-861D-C69FED17E685}.Release|x86.ActiveCfg = Release|Any CPU
		{DE632472-F7B6-47C6-861D-C69FED17E685}.Release|x86.Build.0 = Release|Any CPU
		{3CEE6532-DD1F-4B15-9770-97875B1E520D}.Debug|Any CPU.ActiveCfg = Debug|Any CPU
		{3CEE6532-DD1F-4B15-9770-97875B1E520D}.Debug|Any CPU.Build.0 = Debug|Any CPU
		{3CEE6532-DD1F-4B15-9770-97875B1E520D}.Debug|x64.ActiveCfg = Debug|Any CPU
		{3CEE6532-DD1F-4B15-9770-97875B1E520D}.Debug|x64.Build.0 = Debug|Any CPU
		{3CEE6532-DD1F-4B15-9770-97875B1E520D}.Debug|x86.ActiveCfg = Debug|Any CPU
		{3CEE6532-DD1F-4B15-9770-97875B1E520D}.Debug|x86.Build.0 = Debug|Any CPU
		{3CEE6532-DD1F-4B15-9770-97875B1E520D}.Release|Any CPU.ActiveCfg = Release|Any CPU
		{3CEE6532-DD1F-4B15-9770-97875B1E520D}.Release|Any CPU.Build.0 = Release|Any CPU
		{3CEE6532-DD1F-4B15-9770-97875B1E520D}.Release|x64.ActiveCfg = Release|Any CPU
		{3CEE6532-DD1F-4B15-9770-97875B1E520D}.Release|x64.Build.0 = Release|Any CPU
		{3CEE6532-DD1F-4B15-9770-97875B1E520D}.Release|x86.ActiveCfg = Release|Any CPU
		{3CEE6532-DD1F-4B15-9770-97875B1E520D}.Release|x86.Build.0 = Release|Any CPU
		{AC468713-E4AE-43FF-B6A5-240B91A7E374}.Debug|Any CPU.ActiveCfg = Debug|Any CPU
		{AC468713-E4AE-43FF-B6A5-240B91A7E374}.Debug|Any CPU.Build.0 = Debug|Any CPU
		{AC468713-E4AE-43FF-B6A5-240B91A7E374}.Debug|x64.ActiveCfg = Debug|Any CPU
		{AC468713-E4AE-43FF-B6A5-240B91A7E374}.Debug|x64.Build.0 = Debug|Any CPU
		{AC468713-E4AE-43FF-B6A5-240B91A7E374}.Debug|x86.ActiveCfg = Debug|Any CPU
		{AC468713-E4AE-43FF-B6A5-240B91A7E374}.Debug|x86.Build.0 = Debug|Any CPU
		{AC468713-E4AE-43FF-B6A5-240B91A7E374}.Release|Any CPU.ActiveCfg = Release|Any CPU
		{AC468713-E4AE-43FF-B6A5-240B91A7E374}.Release|Any CPU.Build.0 = Release|Any CPU
		{AC468713-E4AE-43FF-B6A5-240B91A7E374}.Release|x64.ActiveCfg = Release|Any CPU
		{AC468713-E4AE-43FF-B6A5-240B91A7E374}.Release|x64.Build.0 = Release|Any CPU
		{AC468713-E4AE-43FF-B6A5-240B91A7E374}.Release|x86.ActiveCfg = Release|Any CPU
		{AC468713-E4AE-43FF-B6A5-240B91A7E374}.Release|x86.Build.0 = Release|Any CPU
		{22B564AC-534F-48DF-ACB7-A20E586BDAF9}.Debug|Any CPU.ActiveCfg = Debug|Any CPU
		{22B564AC-534F-48DF-ACB7-A20E586BDAF9}.Debug|Any CPU.Build.0 = Debug|Any CPU
		{22B564AC-534F-48DF-ACB7-A20E586BDAF9}.Debug|x64.ActiveCfg = Debug|Any CPU
		{22B564AC-534F-48DF-ACB7-A20E586BDAF9}.Debug|x64.Build.0 = Debug|Any CPU
		{22B564AC-534F-48DF-ACB7-A20E586BDAF9}.Debug|x86.ActiveCfg = Debug|Any CPU
		{22B564AC-534F-48DF-ACB7-A20E586BDAF9}.Debug|x86.Build.0 = Debug|Any CPU
		{22B564AC-534F-48DF-ACB7-A20E586BDAF9}.Release|Any CPU.ActiveCfg = Release|Any CPU
		{22B564AC-534F-48DF-ACB7-A20E586BDAF9}.Release|Any CPU.Build.0 = Release|Any CPU
		{22B564AC-534F-48DF-ACB7-A20E586BDAF9}.Release|x64.ActiveCfg = Release|Any CPU
		{22B564AC-534F-48DF-ACB7-A20E586BDAF9}.Release|x64.Build.0 = Release|Any CPU
		{22B564AC-534F-48DF-ACB7-A20E586BDAF9}.Release|x86.ActiveCfg = Release|Any CPU
		{22B564AC-534F-48DF-ACB7-A20E586BDAF9}.Release|x86.Build.0 = Release|Any CPU
		{4E31A65E-5939-4F7A-8D8A-093B8E778E95}.Debug|Any CPU.ActiveCfg = Debug|Any CPU
		{4E31A65E-5939-4F7A-8D8A-093B8E778E95}.Debug|Any CPU.Build.0 = Debug|Any CPU
		{4E31A65E-5939-4F7A-8D8A-093B8E778E95}.Debug|x64.ActiveCfg = Debug|Any CPU
		{4E31A65E-5939-4F7A-8D8A-093B8E778E95}.Debug|x64.Build.0 = Debug|Any CPU
		{4E31A65E-5939-4F7A-8D8A-093B8E778E95}.Debug|x86.ActiveCfg = Debug|Any CPU
		{4E31A65E-5939-4F7A-8D8A-093B8E778E95}.Debug|x86.Build.0 = Debug|Any CPU
		{4E31A65E-5939-4F7A-8D8A-093B8E778E95}.Release|Any CPU.ActiveCfg = Release|Any CPU
		{4E31A65E-5939-4F7A-8D8A-093B8E778E95}.Release|Any CPU.Build.0 = Release|Any CPU
		{4E31A65E-5939-4F7A-8D8A-093B8E778E95}.Release|x64.ActiveCfg = Release|Any CPU
		{4E31A65E-5939-4F7A-8D8A-093B8E778E95}.Release|x64.Build.0 = Release|Any CPU
		{4E31A65E-5939-4F7A-8D8A-093B8E778E95}.Release|x86.ActiveCfg = Release|Any CPU
		{4E31A65E-5939-4F7A-8D8A-093B8E778E95}.Release|x86.Build.0 = Release|Any CPU
		{68A050E6-DC72-464E-96DA-0E13A9D3A48B}.Debug|Any CPU.ActiveCfg = Debug|Any CPU
		{68A050E6-DC72-464E-96DA-0E13A9D3A48B}.Debug|Any CPU.Build.0 = Debug|Any CPU
		{68A050E6-DC72-464E-96DA-0E13A9D3A48B}.Debug|x64.ActiveCfg = Debug|Any CPU
		{68A050E6-DC72-464E-96DA-0E13A9D3A48B}.Debug|x64.Build.0 = Debug|Any CPU
		{68A050E6-DC72-464E-96DA-0E13A9D3A48B}.Debug|x86.ActiveCfg = Debug|Any CPU
		{68A050E6-DC72-464E-96DA-0E13A9D3A48B}.Debug|x86.Build.0 = Debug|Any CPU
		{68A050E6-DC72-464E-96DA-0E13A9D3A48B}.Release|Any CPU.ActiveCfg = Release|Any CPU
		{68A050E6-DC72-464E-96DA-0E13A9D3A48B}.Release|Any CPU.Build.0 = Release|Any CPU
		{68A050E6-DC72-464E-96DA-0E13A9D3A48B}.Release|x64.ActiveCfg = Release|Any CPU
		{68A050E6-DC72-464E-96DA-0E13A9D3A48B}.Release|x64.Build.0 = Release|Any CPU
		{68A050E6-DC72-464E-96DA-0E13A9D3A48B}.Release|x86.ActiveCfg = Release|Any CPU
		{68A050E6-DC72-464E-96DA-0E13A9D3A48B}.Release|x86.Build.0 = Release|Any CPU
		{3ED5973C-D8F0-4D54-8B1F-6DF5A363BA8C}.Debug|Any CPU.ActiveCfg = Debug|Any CPU
		{3ED5973C-D8F0-4D54-8B1F-6DF5A363BA8C}.Debug|Any CPU.Build.0 = Debug|Any CPU
		{3ED5973C-D8F0-4D54-8B1F-6DF5A363BA8C}.Debug|x64.ActiveCfg = Debug|Any CPU
		{3ED5973C-D8F0-4D54-8B1F-6DF5A363BA8C}.Debug|x64.Build.0 = Debug|Any CPU
		{3ED5973C-D8F0-4D54-8B1F-6DF5A363BA8C}.Debug|x86.ActiveCfg = Debug|Any CPU
		{3ED5973C-D8F0-4D54-8B1F-6DF5A363BA8C}.Debug|x86.Build.0 = Debug|Any CPU
		{3ED5973C-D8F0-4D54-8B1F-6DF5A363BA8C}.Release|Any CPU.ActiveCfg = Release|Any CPU
		{3ED5973C-D8F0-4D54-8B1F-6DF5A363BA8C}.Release|Any CPU.Build.0 = Release|Any CPU
		{3ED5973C-D8F0-4D54-8B1F-6DF5A363BA8C}.Release|x64.ActiveCfg = Release|Any CPU
		{3ED5973C-D8F0-4D54-8B1F-6DF5A363BA8C}.Release|x64.Build.0 = Release|Any CPU
		{3ED5973C-D8F0-4D54-8B1F-6DF5A363BA8C}.Release|x86.ActiveCfg = Release|Any CPU
		{3ED5973C-D8F0-4D54-8B1F-6DF5A363BA8C}.Release|x86.Build.0 = Release|Any CPU
		{8E5DB4E0-D4AA-467F-939F-6C5C25CDF376}.Debug|Any CPU.ActiveCfg = Debug|Any CPU
		{8E5DB4E0-D4AA-467F-939F-6C5C25CDF376}.Debug|Any CPU.Build.0 = Debug|Any CPU
		{8E5DB4E0-D4AA-467F-939F-6C5C25CDF376}.Debug|x64.ActiveCfg = Debug|Any CPU
		{8E5DB4E0-D4AA-467F-939F-6C5C25CDF376}.Debug|x64.Build.0 = Debug|Any CPU
		{8E5DB4E0-D4AA-467F-939F-6C5C25CDF376}.Debug|x86.ActiveCfg = Debug|Any CPU
		{8E5DB4E0-D4AA-467F-939F-6C5C25CDF376}.Debug|x86.Build.0 = Debug|Any CPU
		{8E5DB4E0-D4AA-467F-939F-6C5C25CDF376}.Release|Any CPU.ActiveCfg = Release|Any CPU
		{8E5DB4E0-D4AA-467F-939F-6C5C25CDF376}.Release|Any CPU.Build.0 = Release|Any CPU
		{8E5DB4E0-D4AA-467F-939F-6C5C25CDF376}.Release|x64.ActiveCfg = Release|Any CPU
		{8E5DB4E0-D4AA-467F-939F-6C5C25CDF376}.Release|x64.Build.0 = Release|Any CPU
		{8E5DB4E0-D4AA-467F-939F-6C5C25CDF376}.Release|x86.ActiveCfg = Release|Any CPU
		{8E5DB4E0-D4AA-467F-939F-6C5C25CDF376}.Release|x86.Build.0 = Release|Any CPU
		{E7302741-68C2-4826-8218-CB03659DC834}.Debug|Any CPU.ActiveCfg = Debug|Any CPU
		{E7302741-68C2-4826-8218-CB03659DC834}.Debug|Any CPU.Build.0 = Debug|Any CPU
		{E7302741-68C2-4826-8218-CB03659DC834}.Debug|x64.ActiveCfg = Debug|Any CPU
		{E7302741-68C2-4826-8218-CB03659DC834}.Debug|x64.Build.0 = Debug|Any CPU
		{E7302741-68C2-4826-8218-CB03659DC834}.Debug|x86.ActiveCfg = Debug|Any CPU
		{E7302741-68C2-4826-8218-CB03659DC834}.Debug|x86.Build.0 = Debug|Any CPU
		{E7302741-68C2-4826-8218-CB03659DC834}.Release|Any CPU.ActiveCfg = Release|Any CPU
		{E7302741-68C2-4826-8218-CB03659DC834}.Release|Any CPU.Build.0 = Release|Any CPU
		{E7302741-68C2-4826-8218-CB03659DC834}.Release|x64.ActiveCfg = Release|Any CPU
		{E7302741-68C2-4826-8218-CB03659DC834}.Release|x64.Build.0 = Release|Any CPU
		{E7302741-68C2-4826-8218-CB03659DC834}.Release|x86.ActiveCfg = Release|Any CPU
		{E7302741-68C2-4826-8218-CB03659DC834}.Release|x86.Build.0 = Release|Any CPU
		{5B2653EC-7EA4-44D9-BA71-D8DA4EBE27D8}.Debug|Any CPU.ActiveCfg = Debug|Any CPU
		{5B2653EC-7EA4-44D9-BA71-D8DA4EBE27D8}.Debug|Any CPU.Build.0 = Debug|Any CPU
		{5B2653EC-7EA4-44D9-BA71-D8DA4EBE27D8}.Debug|x64.ActiveCfg = Debug|Any CPU
		{5B2653EC-7EA4-44D9-BA71-D8DA4EBE27D8}.Debug|x64.Build.0 = Debug|Any CPU
		{5B2653EC-7EA4-44D9-BA71-D8DA4EBE27D8}.Debug|x86.ActiveCfg = Debug|Any CPU
		{5B2653EC-7EA4-44D9-BA71-D8DA4EBE27D8}.Debug|x86.Build.0 = Debug|Any CPU
		{5B2653EC-7EA4-44D9-BA71-D8DA4EBE27D8}.Release|Any CPU.ActiveCfg = Release|Any CPU
		{5B2653EC-7EA4-44D9-BA71-D8DA4EBE27D8}.Release|Any CPU.Build.0 = Release|Any CPU
		{5B2653EC-7EA4-44D9-BA71-D8DA4EBE27D8}.Release|x64.ActiveCfg = Release|Any CPU
		{5B2653EC-7EA4-44D9-BA71-D8DA4EBE27D8}.Release|x64.Build.0 = Release|Any CPU
		{5B2653EC-7EA4-44D9-BA71-D8DA4EBE27D8}.Release|x86.ActiveCfg = Release|Any CPU
		{5B2653EC-7EA4-44D9-BA71-D8DA4EBE27D8}.Release|x86.Build.0 = Release|Any CPU
		{15E38674-6A8D-4288-99AC-F6FAC10E5B66}.Debug|Any CPU.ActiveCfg = Debug|Any CPU
		{15E38674-6A8D-4288-99AC-F6FAC10E5B66}.Debug|Any CPU.Build.0 = Debug|Any CPU
		{15E38674-6A8D-4288-99AC-F6FAC10E5B66}.Debug|x64.ActiveCfg = Debug|Any CPU
		{15E38674-6A8D-4288-99AC-F6FAC10E5B66}.Debug|x64.Build.0 = Debug|Any CPU
		{15E38674-6A8D-4288-99AC-F6FAC10E5B66}.Debug|x86.ActiveCfg = Debug|Any CPU
		{15E38674-6A8D-4288-99AC-F6FAC10E5B66}.Debug|x86.Build.0 = Debug|Any CPU
		{15E38674-6A8D-4288-99AC-F6FAC10E5B66}.Release|Any CPU.ActiveCfg = Release|Any CPU
		{15E38674-6A8D-4288-99AC-F6FAC10E5B66}.Release|Any CPU.Build.0 = Release|Any CPU
		{15E38674-6A8D-4288-99AC-F6FAC10E5B66}.Release|x64.ActiveCfg = Release|Any CPU
		{15E38674-6A8D-4288-99AC-F6FAC10E5B66}.Release|x64.Build.0 = Release|Any CPU
		{15E38674-6A8D-4288-99AC-F6FAC10E5B66}.Release|x86.ActiveCfg = Release|Any CPU
		{15E38674-6A8D-4288-99AC-F6FAC10E5B66}.Release|x86.Build.0 = Release|Any CPU
		{87486041-8DD6-4D87-BE2A-864567B0027A}.Debug|Any CPU.ActiveCfg = Debug|Any CPU
		{87486041-8DD6-4D87-BE2A-864567B0027A}.Debug|Any CPU.Build.0 = Debug|Any CPU
		{87486041-8DD6-4D87-BE2A-864567B0027A}.Debug|x64.ActiveCfg = Debug|Any CPU
		{87486041-8DD6-4D87-BE2A-864567B0027A}.Debug|x64.Build.0 = Debug|Any CPU
		{87486041-8DD6-4D87-BE2A-864567B0027A}.Debug|x86.ActiveCfg = Debug|Any CPU
		{87486041-8DD6-4D87-BE2A-864567B0027A}.Debug|x86.Build.0 = Debug|Any CPU
		{87486041-8DD6-4D87-BE2A-864567B0027A}.Release|Any CPU.ActiveCfg = Release|Any CPU
		{87486041-8DD6-4D87-BE2A-864567B0027A}.Release|Any CPU.Build.0 = Release|Any CPU
		{87486041-8DD6-4D87-BE2A-864567B0027A}.Release|x64.ActiveCfg = Release|Any CPU
		{87486041-8DD6-4D87-BE2A-864567B0027A}.Release|x64.Build.0 = Release|Any CPU
		{87486041-8DD6-4D87-BE2A-864567B0027A}.Release|x86.ActiveCfg = Release|Any CPU
		{87486041-8DD6-4D87-BE2A-864567B0027A}.Release|x86.Build.0 = Release|Any CPU
		{C8D9A168-9765-4525-9569-11C04F8D36A2}.Debug|Any CPU.ActiveCfg = Debug|Any CPU
		{C8D9A168-9765-4525-9569-11C04F8D36A2}.Debug|Any CPU.Build.0 = Debug|Any CPU
		{C8D9A168-9765-4525-9569-11C04F8D36A2}.Debug|x64.ActiveCfg = Debug|Any CPU
		{C8D9A168-9765-4525-9569-11C04F8D36A2}.Debug|x64.Build.0 = Debug|Any CPU
		{C8D9A168-9765-4525-9569-11C04F8D36A2}.Debug|x86.ActiveCfg = Debug|Any CPU
		{C8D9A168-9765-4525-9569-11C04F8D36A2}.Debug|x86.Build.0 = Debug|Any CPU
		{C8D9A168-9765-4525-9569-11C04F8D36A2}.Release|Any CPU.ActiveCfg = Release|Any CPU
		{C8D9A168-9765-4525-9569-11C04F8D36A2}.Release|Any CPU.Build.0 = Release|Any CPU
		{C8D9A168-9765-4525-9569-11C04F8D36A2}.Release|x64.ActiveCfg = Release|Any CPU
		{C8D9A168-9765-4525-9569-11C04F8D36A2}.Release|x64.Build.0 = Release|Any CPU
		{C8D9A168-9765-4525-9569-11C04F8D36A2}.Release|x86.ActiveCfg = Release|Any CPU
		{C8D9A168-9765-4525-9569-11C04F8D36A2}.Release|x86.Build.0 = Release|Any CPU
		{8A542EE0-87A3-4503-99BD-71E0F786FDCD}.Debug|Any CPU.ActiveCfg = Debug|Any CPU
		{8A542EE0-87A3-4503-99BD-71E0F786FDCD}.Debug|Any CPU.Build.0 = Debug|Any CPU
		{8A542EE0-87A3-4503-99BD-71E0F786FDCD}.Debug|x64.ActiveCfg = Debug|Any CPU
		{8A542EE0-87A3-4503-99BD-71E0F786FDCD}.Debug|x64.Build.0 = Debug|Any CPU
		{8A542EE0-87A3-4503-99BD-71E0F786FDCD}.Debug|x86.ActiveCfg = Debug|Any CPU
		{8A542EE0-87A3-4503-99BD-71E0F786FDCD}.Debug|x86.Build.0 = Debug|Any CPU
		{8A542EE0-87A3-4503-99BD-71E0F786FDCD}.Release|Any CPU.ActiveCfg = Release|Any CPU
		{8A542EE0-87A3-4503-99BD-71E0F786FDCD}.Release|Any CPU.Build.0 = Release|Any CPU
		{8A542EE0-87A3-4503-99BD-71E0F786FDCD}.Release|x64.ActiveCfg = Release|Any CPU
		{8A542EE0-87A3-4503-99BD-71E0F786FDCD}.Release|x64.Build.0 = Release|Any CPU
		{8A542EE0-87A3-4503-99BD-71E0F786FDCD}.Release|x86.ActiveCfg = Release|Any CPU
		{8A542EE0-87A3-4503-99BD-71E0F786FDCD}.Release|x86.Build.0 = Release|Any CPU
		{63E7CD72-E1C2-456F-A5EB-F16B8D237AC5}.Debug|Any CPU.ActiveCfg = Debug|Any CPU
		{63E7CD72-E1C2-456F-A5EB-F16B8D237AC5}.Debug|Any CPU.Build.0 = Debug|Any CPU
		{63E7CD72-E1C2-456F-A5EB-F16B8D237AC5}.Debug|x64.ActiveCfg = Debug|Any CPU
		{63E7CD72-E1C2-456F-A5EB-F16B8D237AC5}.Debug|x64.Build.0 = Debug|Any CPU
		{63E7CD72-E1C2-456F-A5EB-F16B8D237AC5}.Debug|x86.ActiveCfg = Debug|Any CPU
		{63E7CD72-E1C2-456F-A5EB-F16B8D237AC5}.Debug|x86.Build.0 = Debug|Any CPU
		{63E7CD72-E1C2-456F-A5EB-F16B8D237AC5}.Release|Any CPU.ActiveCfg = Release|Any CPU
		{63E7CD72-E1C2-456F-A5EB-F16B8D237AC5}.Release|Any CPU.Build.0 = Release|Any CPU
		{63E7CD72-E1C2-456F-A5EB-F16B8D237AC5}.Release|x64.ActiveCfg = Release|Any CPU
		{63E7CD72-E1C2-456F-A5EB-F16B8D237AC5}.Release|x64.Build.0 = Release|Any CPU
		{63E7CD72-E1C2-456F-A5EB-F16B8D237AC5}.Release|x86.ActiveCfg = Release|Any CPU
		{63E7CD72-E1C2-456F-A5EB-F16B8D237AC5}.Release|x86.Build.0 = Release|Any CPU
	EndGlobalSection
	GlobalSection(SolutionProperties) = preSolution
		HideSolutionNode = FALSE
	EndGlobalSection
	GlobalSection(NestedProjects) = preSolution
		{1D87070C-DB29-44E3-AC6E-8A75D8D81B68} = {827E0CD3-B72D-47B6-A68D-7590B98EB39B}
		{350D31AD-E02A-4A76-A068-C8AA290DB420} = {7F303BE8-3913-4968-A8A6-CD29F3F082EB}
		{82B7BD9C-8467-4A3C-AA4B-D63A0CA87B15} = {0AB3BF05-4346-4AA6-1389-037BE0695223}
		{3C3EA350-DFCB-4420-91C0-73992AC757C9} = {0AB3BF05-4346-4AA6-1389-037BE0695223}
		{DE632472-F7B6-47C6-861D-C69FED17E685} = {0AB3BF05-4346-4AA6-1389-037BE0695223}
		{3CEE6532-DD1F-4B15-9770-97875B1E520D} = {0AB3BF05-4346-4AA6-1389-037BE0695223}
		{AC468713-E4AE-43FF-B6A5-240B91A7E374} = {0AB3BF05-4346-4AA6-1389-037BE0695223}
		{22B564AC-534F-48DF-ACB7-A20E586BDAF9} = {0AB3BF05-4346-4AA6-1389-037BE0695223}
		{4E31A65E-5939-4F7A-8D8A-093B8E778E95} = {0AB3BF05-4346-4AA6-1389-037BE0695223}
		{68A050E6-DC72-464E-96DA-0E13A9D3A48B} = {0AB3BF05-4346-4AA6-1389-037BE0695223}
		{3ED5973C-D8F0-4D54-8B1F-6DF5A363BA8C} = {0AB3BF05-4346-4AA6-1389-037BE0695223}
		{8E5DB4E0-D4AA-467F-939F-6C5C25CDF376} = {0AB3BF05-4346-4AA6-1389-037BE0695223}
		{E7302741-68C2-4826-8218-CB03659DC834} = {0AB3BF05-4346-4AA6-1389-037BE0695223}
		{5B2653EC-7EA4-44D9-BA71-D8DA4EBE27D8} = {0AB3BF05-4346-4AA6-1389-037BE0695223}
		{15E38674-6A8D-4288-99AC-F6FAC10E5B66} = {0AB3BF05-4346-4AA6-1389-037BE0695223}
		{87486041-8DD6-4D87-BE2A-864567B0027A} = {0AB3BF05-4346-4AA6-1389-037BE0695223}
		{C8D9A168-9765-4525-9569-11C04F8D36A2} = {0AB3BF05-4346-4AA6-1389-037BE0695223}
		{8A542EE0-87A3-4503-99BD-71E0F786FDCD} = {0AB3BF05-4346-4AA6-1389-037BE0695223}
		{63E7CD72-E1C2-456F-A5EB-F16B8D237AC5} = {0AB3BF05-4346-4AA6-1389-037BE0695223}
	EndGlobalSection
EndGlobal
